
Microsoft Visual Studio Solution File, Format Version 12.00
# Visual Studio Version 16
VisualStudioVersion = 16.0.30320.27
MinimumVisualStudioVersion = 10.0.40219.1
Project("{FAE04EC0-301F-11D3-BF4B-00C04F79EFBC}") = "CoeficienteCorrelacion", "CoeficienteCorrelacion\CoeficienteCorrelacion.csproj", "{BA166290-965C-4341-A331-7BCD4D37D1C6}"
EndProject
Global
	GlobalSection(SolutionConfigurationPlatforms) = preSolution
		Debug|Any CPU = Debug|Any CPU
		Release|Any CPU = Release|Any CPU
	EndGlobalSection
	GlobalSection(ProjectConfigurationPlatforms) = postSolution
		{BA166290-965C-4341-A331-7BCD4D37D1C6}.Debug|Any CPU.ActiveCfg = Debug|Any CPU
		{BA166290-965C-4341-A331-7BCD4D37D1C6}.Debug|Any CPU.Build.0 = Debug|Any CPU
		{BA166290-965C-4341-A331-7BCD4D37D1C6}.Release|Any CPU.ActiveCfg = Release|Any CPU
		{BA166290-965C-4341-A331-7BCD4D37D1C6}.Release|Any CPU.Build.0 = Release|Any CPU
	EndGlobalSection
	GlobalSection(SolutionProperties) = preSolution
		HideSolutionNode = FALSE
	EndGlobalSection
	GlobalSection(ExtensibilityGlobals) = postSolution
		SolutionGuid = {4CFF3F20-506C-4A37-851C-D8C799A9D145}
	EndGlobalSection
EndGlobal
